
Microsoft Visual Studio Solution File, Format Version 12.00
# Visual Studio 2012
Project("{FAE04EC0-301F-11D3-BF4B-00C04F79EFBC}") = "MatchyMatcher", "MatchyMatcher\MatchyMatcher.csproj", "{08D5040E-F89D-4D16-9EFA-93B8EDB2155B}"
EndProject
Project("{FAE04EC0-301F-11D3-BF4B-00C04F79EFBC}") = "DataAccessObjects", "..\..\..\..\Dropbox\Project 5_6 GTA\Server Bestanden\DataAccessObjects\DataAccessObjects.csproj", "{DD18D715-712C-4786-B14F-3BF7AA307F5B}"
EndProject
Global
	GlobalSection(SolutionConfigurationPlatforms) = preSolution
		Debug|Any CPU = Debug|Any CPU
		Release|Any CPU = Release|Any CPU
	EndGlobalSection
	GlobalSection(ProjectConfigurationPlatforms) = postSolution
		{08D5040E-F89D-4D16-9EFA-93B8EDB2155B}.Debug|Any CPU.ActiveCfg = Debug|Any CPU
		{08D5040E-F89D-4D16-9EFA-93B8EDB2155B}.Debug|Any CPU.Build.0 = Debug|Any CPU
		{08D5040E-F89D-4D16-9EFA-93B8EDB2155B}.Release|Any CPU.ActiveCfg = Release|Any CPU
		{08D5040E-F89D-4D16-9EFA-93B8EDB2155B}.Release|Any CPU.Build.0 = Release|Any CPU
		{DD18D715-712C-4786-B14F-3BF7AA307F5B}.Debug|Any CPU.ActiveCfg = Debug|Any CPU
		{DD18D715-712C-4786-B14F-3BF7AA307F5B}.Debug|Any CPU.Build.0 = Debug|Any CPU
		{DD18D715-712C-4786-B14F-3BF7AA307F5B}.Release|Any CPU.ActiveCfg = Release|Any CPU
		{DD18D715-712C-4786-B14F-3BF7AA307F5B}.Release|Any CPU.Build.0 = Release|Any CPU
	EndGlobalSection
	GlobalSection(SolutionProperties) = preSolution
		HideSolutionNode = FALSE
	EndGlobalSection
EndGlobal
